
Microsoft Visual Studio Solution File, Format Version 12.00
# Visual Studio 15
VisualStudioVersion = 15.0.27428.2037
MinimumVisualStudioVersion = 10.0.40219.1
Project("{FAE04EC0-301F-11D3-BF4B-00C04F79EFBC}") = "LiteChat", "LiteChat\LiteChat.csproj", "{CFC6DE38-6644-41F3-91BF-618D50DA4816}"
EndProject
Global
	GlobalSection(SolutionConfigurationPlatforms) = preSolution
		Debug|Any CPU = Debug|Any CPU
		Release|Any CPU = Release|Any CPU
	EndGlobalSection
	GlobalSection(ProjectConfigurationPlatforms) = postSolution
		{CFC6DE38-6644-41F3-91BF-618D50DA4816}.Debug|Any CPU.ActiveCfg = Debug|Any CPU
		{CFC6DE38-6644-41F3-91BF-618D50DA4816}.Debug|Any CPU.Build.0 = Debug|Any CPU
		{CFC6DE38-6644-41F3-91BF-618D50DA4816}.Release|Any CPU.ActiveCfg = Debug|Any CPU
		{CFC6DE38-6644-41F3-91BF-618D50DA4816}.Release|Any CPU.Build.0 = Debug|Any CPU
	EndGlobalSection
	GlobalSection(SolutionProperties) = preSolution
		HideSolutionNode = FALSE
	EndGlobalSection
	GlobalSection(ExtensibilityGlobals) = postSolution
		SolutionGuid = {5DAA6621-647D-486C-9115-A2532C7F1ED0}
	EndGlobalSection
EndGlobal
